
Microsoft Visual Studio Solution File, Format Version 12.00
# Visual Studio 15
VisualStudioVersion = 15.0.27703.2018
MinimumVisualStudioVersion = 10.0.40219.1
Project("{FAE04EC0-301F-11D3-BF4B-00C04F79EFBC}") = "logText", "logText\logText.csproj", "{F8184FFF-62D9-49C9-A568-AE67BC36EB7C}"
EndProject
Global
	GlobalSection(SolutionConfigurationPlatforms) = preSolution
		Debug|Any CPU = Debug|Any CPU
		Release|Any CPU = Release|Any CPU
	EndGlobalSection
	GlobalSection(ProjectConfigurationPlatforms) = postSolution
		{F8184FFF-62D9-49C9-A568-AE67BC36EB7C}.Debug|Any CPU.ActiveCfg = Debug|Any CPU
		{F8184FFF-62D9-49C9-A568-AE67BC36EB7C}.Debug|Any CPU.Build.0 = Debug|Any CPU
		{F8184FFF-62D9-49C9-A568-AE67BC36EB7C}.Release|Any CPU.ActiveCfg = Release|Any CPU
		{F8184FFF-62D9-49C9-A568-AE67BC36EB7C}.Release|Any CPU.Build.0 = Release|Any CPU
	EndGlobalSection
	GlobalSection(SolutionProperties) = preSolution
		HideSolutionNode = FALSE
	EndGlobalSection
	GlobalSection(ExtensibilityGlobals) = postSolution
		SolutionGuid = {FF9F9AE3-36D5-4E63-B048-0268929981EE}
	EndGlobalSection
EndGlobal
